// !$*UTF8*$!
{
	archiveVersion = 1;
	classes = {
	};
	objectVersion = 56;
	objects = {

/* Begin PBXBuildFile section */
		26055DCB2AA8A9AD00AA9578 /* MeetingHeaderView.swift in Sources */ = {isa = PBXBuildFile; fileRef = 26055DCA2AA8A9AD00AA9578 /* MeetingHeaderView.swift */; };
		26055DCD2AA8BBE300AA9578 /* ScrumProgressViewStyle.swift in Sources */ = {isa = PBXBuildFile; fileRef = 26055DCC2AA8BBE300AA9578 /* ScrumProgressViewStyle.swift */; };
		26055DCF2AA8C5CF00AA9578 /* ScrumTimer.swift in Sources */ = {isa = PBXBuildFile; fileRef = 26055DCE2AA8C5CF00AA9578 /* ScrumTimer.swift */; };
		26055DD12AAA052000AA9578 /* MeetingFooterView.swift in Sources */ = {isa = PBXBuildFile; fileRef = 26055DD02AAA052000AA9578 /* MeetingFooterView.swift */; };
		26055DD32AAA203600AA9578 /* AVPlayer+Ding.swift in Sources */ = {isa = PBXBuildFile; fileRef = 26055DD22AAA203600AA9578 /* AVPlayer+Ding.swift */; };
		260F9BB72AAA22EF0050AED0 /* ding.wav in Resources */ = {isa = PBXBuildFile; fileRef = 260F9BB62AAA22EF0050AED0 /* ding.wav */; };
		260F9BB92AAA2C300050AED0 /* NewScrumSheet.swift in Sources */ = {isa = PBXBuildFile; fileRef = 260F9BB82AAA2C300050AED0 /* NewScrumSheet.swift */; };
		263C4BC52AA6169D002D898D /* Theme.swift in Sources */ = {isa = PBXBuildFile; fileRef = 263C4BC42AA6169D002D898D /* Theme.swift */; };
		263C4BC72AA619B7002D898D /* DailyScrum.swift in Sources */ = {isa = PBXBuildFile; fileRef = 263C4BC62AA619B7002D898D /* DailyScrum.swift */; };
		263C4BC92AA61C13002D898D /* CardView.swift in Sources */ = {isa = PBXBuildFile; fileRef = 263C4BC82AA61C13002D898D /* CardView.swift */; };
		2642282B2AA62A0700EE328D /* TrailingIconLabelStyle.swift in Sources */ = {isa = PBXBuildFile; fileRef = 2642282A2AA62A0700EE328D /* TrailingIconLabelStyle.swift */; };
		2642282D2AA6420300EE328D /* ScrumsView.swift in Sources */ = {isa = PBXBuildFile; fileRef = 2642282C2AA6420300EE328D /* ScrumsView.swift */; };
		2642282F2AA64A4700EE328D /* DetailView.swift in Sources */ = {isa = PBXBuildFile; fileRef = 2642282E2AA64A4700EE328D /* DetailView.swift */; };
		264228312AA653D800EE328D /* DetailEditView.swift in Sources */ = {isa = PBXBuildFile; fileRef = 264228302AA653D800EE328D /* DetailEditView.swift */; };
		2657E1B62AA6667A00B2C8B7 /* ThemeView.swift in Sources */ = {isa = PBXBuildFile; fileRef = 2657E1B52AA6667A00B2C8B7 /* ThemeView.swift */; };
		2657E1B82AA6673D00B2C8B7 /* ThemePicker.swift in Sources */ = {isa = PBXBuildFile; fileRef = 2657E1B72AA6673D00B2C8B7 /* ThemePicker.swift */; };
		267FC0B02AAA327200C00C5E /* History.swift in Sources */ = {isa = PBXBuildFile; fileRef = 267FC0AF2AAA327100C00C5E /* History.swift */; };
		267FC0B22AAA3A7400C00C5E /* ScrumStore.swift in Sources */ = {isa = PBXBuildFile; fileRef = 267FC0B12AAA3A7400C00C5E /* ScrumStore.swift */; };
		267FC0B42AAA818100C00C5E /* ErrorWrapper.swift in Sources */ = {isa = PBXBuildFile; fileRef = 267FC0B32AAA818100C00C5E /* ErrorWrapper.swift */; };
		267FC0B62AAA83CA00C00C5E /* ErrorView.swift in Sources */ = {isa = PBXBuildFile; fileRef = 267FC0B52AAA83CA00C00C5E /* ErrorView.swift */; };
		267FC0B82AAB5F9E00C00C5E /* MeetingTimerView.swift in Sources */ = {isa = PBXBuildFile; fileRef = 267FC0B72AAB5F9E00C00C5E /* MeetingTimerView.swift */; };
		267FC0BA2AAB963700C00C5E /* SpeakerArc.swift in Sources */ = {isa = PBXBuildFile; fileRef = 267FC0B92AAB963700C00C5E /* SpeakerArc.swift */; };
		267FC0BC2AABACBB00C00C5E /* SpeechRecognizer.swift in Sources */ = {isa = PBXBuildFile; fileRef = 267FC0BB2AABACBB00C00C5E /* SpeechRecognizer.swift */; };
		267FC0BE2AABB2C400C00C5E /* HistoryView.swift in Sources */ = {isa = PBXBuildFile; fileRef = 267FC0BD2AABB2C400C00C5E /* HistoryView.swift */; };
		26B267152A8AD2FB00EBA8EA /* ScrumdingerApp.swift in Sources */ = {isa = PBXBuildFile; fileRef = 26B267142A8AD2FB00EBA8EA /* ScrumdingerApp.swift */; };
		26B267172A8AD2FB00EBA8EA /* MeetingView.swift in Sources */ = {isa = PBXBuildFile; fileRef = 26B267162A8AD2FB00EBA8EA /* MeetingView.swift */; };
		26B267192A8AD2FE00EBA8EA /* Assets.xcassets in Resources */ = {isa = PBXBuildFile; fileRef = 26B267182A8AD2FE00EBA8EA /* Assets.xcassets */; };
		26B2671C2A8AD2FE00EBA8EA /* Preview Assets.xcassets in Resources */ = {isa = PBXBuildFile; fileRef = 26B2671B2A8AD2FE00EBA8EA /* Preview Assets.xcassets */; };
		26B267262A8AD2FE00EBA8EA /* ScrumdingerTests.swift in Sources */ = {isa = PBXBuildFile; fileRef = 26B267252A8AD2FE00EBA8EA /* ScrumdingerTests.swift */; };
		26B267302A8AD2FE00EBA8EA /* ScrumdingerUITests.swift in Sources */ = {isa = PBXBuildFile; fileRef = 26B2672F2A8AD2FE00EBA8EA /* ScrumdingerUITests.swift */; };
		26B267322A8AD2FE00EBA8EA /* ScrumdingerUITestsLaunchTests.swift in Sources */ = {isa = PBXBuildFile; fileRef = 26B267312A8AD2FE00EBA8EA /* ScrumdingerUITestsLaunchTests.swift */; };
/* End PBXBuildFile section */

/* Begin PBXContainerItemProxy section */
		26B267222A8AD2FE00EBA8EA /* PBXContainerItemProxy */ = {
			isa = PBXContainerItemProxy;
			containerPortal = 26B267092A8AD2FB00EBA8EA /* Project object */;
			proxyType = 1;
			remoteGlobalIDString = 26B267102A8AD2FB00EBA8EA;
			remoteInfo = Scrumdinger;
		};
		26B2672C2A8AD2FE00EBA8EA /* PBXContainerItemProxy */ = {
			isa = PBXContainerItemProxy;
			containerPortal = 26B267092A8AD2FB00EBA8EA /* Project object */;
			proxyType = 1;
			remoteGlobalIDString = 26B267102A8AD2FB00EBA8EA;
			remoteInfo = Scrumdinger;
		};
/* End PBXContainerItemProxy section */

/* Begin PBXFileReference section */
		26055DCA2AA8A9AD00AA9578 /* MeetingHeaderView.swift */ = {isa = PBXFileReference; lastKnownFileType = sourcecode.swift; path = MeetingHeaderView.swift; sourceTree = "<group>"; };
		26055DCC2AA8BBE300AA9578 /* ScrumProgressViewStyle.swift */ = {isa = PBXFileReference; lastKnownFileType = sourcecode.swift; path = ScrumProgressViewStyle.swift; sourceTree = "<group>"; };
		26055DCE2AA8C5CF00AA9578 /* ScrumTimer.swift */ = {isa = PBXFileReference; lastKnownFileType = sourcecode.swift; path = ScrumTimer.swift; sourceTree = "<group>"; };
		26055DD02AAA052000AA9578 /* MeetingFooterView.swift */ = {isa = PBXFileReference; lastKnownFileType = sourcecode.swift; path = MeetingFooterView.swift; sourceTree = "<group>"; };
		26055DD22AAA203600AA9578 /* AVPlayer+Ding.swift */ = {isa = PBXFileReference; lastKnownFileType = sourcecode.swift; path = "AVPlayer+Ding.swift"; sourceTree = "<group>"; };
		260F9BB62AAA22EF0050AED0 /* ding.wav */ = {isa = PBXFileReference; lastKnownFileType = audio.wav; path = ding.wav; sourceTree = "<group>"; };
		260F9BB82AAA2C300050AED0 /* NewScrumSheet.swift */ = {isa = PBXFileReference; lastKnownFileType = sourcecode.swift; path = NewScrumSheet.swift; sourceTree = "<group>"; };
		263C4BC42AA6169D002D898D /* Theme.swift */ = {isa = PBXFileReference; lastKnownFileType = sourcecode.swift; path = Theme.swift; sourceTree = "<group>"; };
		263C4BC62AA619B7002D898D /* DailyScrum.swift */ = {isa = PBXFileReference; lastKnownFileType = sourcecode.swift; path = DailyScrum.swift; sourceTree = "<group>"; };
		263C4BC82AA61C13002D898D /* CardView.swift */ = {isa = PBXFileReference; lastKnownFileType = sourcecode.swift; path = CardView.swift; sourceTree = "<group>"; };
		2642282A2AA62A0700EE328D /* TrailingIconLabelStyle.swift */ = {isa = PBXFileReference; lastKnownFileType = sourcecode.swift; path = TrailingIconLabelStyle.swift; sourceTree = "<group>"; };
		2642282C2AA6420300EE328D /* ScrumsView.swift */ = {isa = PBXFileReference; lastKnownFileType = sourcecode.swift; path = ScrumsView.swift; sourceTree = "<group>"; };
		2642282E2AA64A4700EE328D /* DetailView.swift */ = {isa = PBXFileReference; lastKnownFileType = sourcecode.swift; path = DetailView.swift; sourceTree = "<group>"; };
		264228302AA653D800EE328D /* DetailEditView.swift */ = {isa = PBXFileReference; lastKnownFileType = sourcecode.swift; path = DetailEditView.swift; sourceTree = "<group>"; };
		2657E1B52AA6667A00B2C8B7 /* ThemeView.swift */ = {isa = PBXFileReference; lastKnownFileType = sourcecode.swift; path = ThemeView.swift; sourceTree = "<group>"; };
		2657E1B72AA6673D00B2C8B7 /* ThemePicker.swift */ = {isa = PBXFileReference; lastKnownFileType = sourcecode.swift; path = ThemePicker.swift; sourceTree = "<group>"; };
		267FC0AF2AAA327100C00C5E /* History.swift */ = {isa = PBXFileReference; lastKnownFileType = sourcecode.swift; path = History.swift; sourceTree = "<group>"; };
		267FC0B12AAA3A7400C00C5E /* ScrumStore.swift */ = {isa = PBXFileReference; lastKnownFileType = sourcecode.swift; path = ScrumStore.swift; sourceTree = "<group>"; };
		267FC0B32AAA818100C00C5E /* ErrorWrapper.swift */ = {isa = PBXFileReference; lastKnownFileType = sourcecode.swift; path = ErrorWrapper.swift; sourceTree = "<group>"; };
		267FC0B52AAA83CA00C00C5E /* ErrorView.swift */ = {isa = PBXFileReference; lastKnownFileType = sourcecode.swift; path = ErrorView.swift; sourceTree = "<group>"; };
		267FC0B72AAB5F9E00C00C5E /* MeetingTimerView.swift */ = {isa = PBXFileReference; lastKnownFileType = sourcecode.swift; path = MeetingTimerView.swift; sourceTree = "<group>"; };
		267FC0B92AAB963700C00C5E /* SpeakerArc.swift */ = {isa = PBXFileReference; lastKnownFileType = sourcecode.swift; path = SpeakerArc.swift; sourceTree = "<group>"; };
		267FC0BB2AABACBB00C00C5E /* SpeechRecognizer.swift */ = {isa = PBXFileReference; lastKnownFileType = sourcecode.swift; path = SpeechRecognizer.swift; sourceTree = "<group>"; };
		267FC0BD2AABB2C400C00C5E /* HistoryView.swift */ = {isa = PBXFileReference; lastKnownFileType = sourcecode.swift; path = HistoryView.swift; sourceTree = "<group>"; };
		26B267112A8AD2FB00EBA8EA /* Scrumdinger.app */ = {isa = PBXFileReference; explicitFileType = wrapper.application; includeInIndex = 0; path = Scrumdinger.app; sourceTree = BUILT_PRODUCTS_DIR; };
		26B267142A8AD2FB00EBA8EA /* ScrumdingerApp.swift */ = {isa = PBXFileReference; lastKnownFileType = sourcecode.swift; path = ScrumdingerApp.swift; sourceTree = "<group>"; };
		26B267162A8AD2FB00EBA8EA /* MeetingView.swift */ = {isa = PBXFileReference; lastKnownFileType = sourcecode.swift; path = MeetingView.swift; sourceTree = "<group>"; };
		26B267182A8AD2FE00EBA8EA /* Assets.xcassets */ = {isa = PBXFileReference; lastKnownFileType = folder.assetcatalog; path = Assets.xcassets; sourceTree = "<group>"; };
		26B2671B2A8AD2FE00EBA8EA /* Preview Assets.xcassets */ = {isa = PBXFileReference; lastKnownFileType = folder.assetcatalog; path = "Preview Assets.xcassets"; sourceTree = "<group>"; };
		26B267212A8AD2FE00EBA8EA /* ScrumdingerTests.xctest */ = {isa = PBXFileReference; explicitFileType = wrapper.cfbundle; includeInIndex = 0; path = ScrumdingerTests.xctest; sourceTree = BUILT_PRODUCTS_DIR; };
		26B267252A8AD2FE00EBA8EA /* ScrumdingerTests.swift */ = {isa = PBXFileReference; lastKnownFileType = sourcecode.swift; path = ScrumdingerTests.swift; sourceTree = "<group>"; };
		26B2672B2A8AD2FE00EBA8EA /* ScrumdingerUITests.xctest */ = {isa = PBXFileReference; explicitFileType = wrapper.cfbundle; includeInIndex = 0; path = ScrumdingerUITests.xctest; sourceTree = BUILT_PRODUCTS_DIR; };
		26B2672F2A8AD2FE00EBA8EA /* ScrumdingerUITests.swift */ = {isa = PBXFileReference; lastKnownFileType = sourcecode.swift; path = ScrumdingerUITests.swift; sourceTree = "<group>"; };
		26B267312A8AD2FE00EBA8EA /* ScrumdingerUITestsLaunchTests.swift */ = {isa = PBXFileReference; lastKnownFileType = sourcecode.swift; path = ScrumdingerUITestsLaunchTests.swift; sourceTree = "<group>"; };
/* End PBXFileReference section */

/* Begin PBXFrameworksBuildPhase section */
		26B2670E2A8AD2FB00EBA8EA /* Frameworks */ = {
			isa = PBXFrameworksBuildPhase;
			buildActionMask = 2147483647;
			files = (
			);
			runOnlyForDeploymentPostprocessing = 0;
		};
		26B2671E2A8AD2FE00EBA8EA /* Frameworks */ = {
			isa = PBXFrameworksBuildPhase;
			buildActionMask = 2147483647;
			files = (
			);
			runOnlyForDeploymentPostprocessing = 0;
		};
		26B267282A8AD2FE00EBA8EA /* Frameworks */ = {
			isa = PBXFrameworksBuildPhase;
			buildActionMask = 2147483647;
			files = (
			);
			runOnlyForDeploymentPostprocessing = 0;
		};
/* End PBXFrameworksBuildPhase section */

/* Begin PBXGroup section */
		260F9BB52AAA22B60050AED0 /* Resources */ = {
			isa = PBXGroup;
			children = (
				260F9BB62AAA22EF0050AED0 /* ding.wav */,
			);
			path = Resources;
			sourceTree = "<group>";
		};
		263C4BC32AA61672002D898D /* Models */ = {
			isa = PBXGroup;
			children = (
				26055DD22AAA203600AA9578 /* AVPlayer+Ding.swift */,
				263C4BC62AA619B7002D898D /* DailyScrum.swift */,
				267FC0B32AAA818100C00C5E /* ErrorWrapper.swift */,
				267FC0AF2AAA327100C00C5E /* History.swift */,
				263C4BC42AA6169D002D898D /* Theme.swift */,
				267FC0B12AAA3A7400C00C5E /* ScrumStore.swift */,
				26055DCE2AA8C5CF00AA9578 /* ScrumTimer.swift */,
				267FC0BB2AABACBB00C00C5E /* SpeechRecognizer.swift */,
			);
			path = Models;
			sourceTree = "<group>";
		};
		263C4BCA2AA621E7002D898D /* Views */ = {
			isa = PBXGroup;
			children = (
				263C4BC82AA61C13002D898D /* CardView.swift */,
				264228302AA653D800EE328D /* DetailEditView.swift */,
				2642282E2AA64A4700EE328D /* DetailView.swift */,
				267FC0B52AAA83CA00C00C5E /* ErrorView.swift */,
				267FC0BD2AABB2C400C00C5E /* HistoryView.swift */,
				26055DD02AAA052000AA9578 /* MeetingFooterView.swift */,
				26055DCA2AA8A9AD00AA9578 /* MeetingHeaderView.swift */,
				267FC0B72AAB5F9E00C00C5E /* MeetingTimerView.swift */,
				26B267162A8AD2FB00EBA8EA /* MeetingView.swift */,
				260F9BB82AAA2C300050AED0 /* NewScrumSheet.swift */,
				26055DCC2AA8BBE300AA9578 /* ScrumProgressViewStyle.swift */,
				2642282C2AA6420300EE328D /* ScrumsView.swift */,
				267FC0B92AAB963700C00C5E /* SpeakerArc.swift */,
				2657E1B72AA6673D00B2C8B7 /* ThemePicker.swift */,
				2657E1B52AA6667A00B2C8B7 /* ThemeView.swift */,
				2642282A2AA62A0700EE328D /* TrailingIconLabelStyle.swift */,
			);
			path = Views;
			sourceTree = "<group>";
		};
		26B267082A8AD2FB00EBA8EA = {
			isa = PBXGroup;
			children = (
				26B267132A8AD2FB00EBA8EA /* Scrumdinger */,
				26B267242A8AD2FE00EBA8EA /* ScrumdingerTests */,
				26B2672E2A8AD2FE00EBA8EA /* ScrumdingerUITests */,
				26B267122A8AD2FB00EBA8EA /* Products */,
			);
			sourceTree = "<group>";
		};
		26B267122A8AD2FB00EBA8EA /* Products */ = {
			isa = PBXGroup;
			children = (
				26B267112A8AD2FB00EBA8EA /* Scrumdinger.app */,
				26B267212A8AD2FE00EBA8EA /* ScrumdingerTests.xctest */,
				26B2672B2A8AD2FE00EBA8EA /* ScrumdingerUITests.xctest */,
			);
			name = Products;
			sourceTree = "<group>";
		};
		26B267132A8AD2FB00EBA8EA /* Scrumdinger */ = {
			isa = PBXGroup;
			children = (
				260F9BB52AAA22B60050AED0 /* Resources */,
				263C4BCA2AA621E7002D898D /* Views */,
				263C4BC32AA61672002D898D /* Models */,
				26B267142A8AD2FB00EBA8EA /* ScrumdingerApp.swift */,
				26B267182A8AD2FE00EBA8EA /* Assets.xcassets */,
				26B2671A2A8AD2FE00EBA8EA /* Preview Content */,
			);
			path = Scrumdinger;
			sourceTree = "<group>";
		};
		26B2671A2A8AD2FE00EBA8EA /* Preview Content */ = {
			isa = PBXGroup;
			children = (
				26B2671B2A8AD2FE00EBA8EA /* Preview Assets.xcassets */,
			);
			path = "Preview Content";
			sourceTree = "<group>";
		};
		26B267242A8AD2FE00EBA8EA /* ScrumdingerTests */ = {
			isa = PBXGroup;
			children = (
				26B267252A8AD2FE00EBA8EA /* ScrumdingerTests.swift */,
			);
			path = ScrumdingerTests;
			sourceTree = "<group>";
		};
		26B2672E2A8AD2FE00EBA8EA /* ScrumdingerUITests */ = {
			isa = PBXGroup;
			children = (
				26B2672F2A8AD2FE00EBA8EA /* ScrumdingerUITests.swift */,
				26B267312A8AD2FE00EBA8EA /* ScrumdingerUITestsLaunchTests.swift */,
			);
			path = ScrumdingerUITests;
			sourceTree = "<group>";
		};
/* End PBXGroup section */

/* Begin PBXNativeTarget section */
		26B267102A8AD2FB00EBA8EA /* Scrumdinger */ = {
			isa = PBXNativeTarget;
			buildConfigurationList = 26B267352A8AD2FE00EBA8EA /* Build configuration list for PBXNativeTarget "Scrumdinger" */;
			buildPhases = (
				26B2670D2A8AD2FB00EBA8EA /* Sources */,
				26B2670E2A8AD2FB00EBA8EA /* Frameworks */,
				26B2670F2A8AD2FB00EBA8EA /* Resources */,
			);
			buildRules = (
			);
			dependencies = (
			);
			name = Scrumdinger;
			productName = Scrumdinger;
			productReference = 26B267112A8AD2FB00EBA8EA /* Scrumdinger.app */;
			productType = "com.apple.product-type.application";
		};
		26B267202A8AD2FE00EBA8EA /* ScrumdingerTests */ = {
			isa = PBXNativeTarget;
			buildConfigurationList = 26B267382A8AD2FE00EBA8EA /* Build configuration list for PBXNativeTarget "ScrumdingerTests" */;
			buildPhases = (
				26B2671D2A8AD2FE00EBA8EA /* Sources */,
				26B2671E2A8AD2FE00EBA8EA /* Frameworks */,
				26B2671F2A8AD2FE00EBA8EA /* Resources */,
			);
			buildRules = (
			);
			dependencies = (
				26B267232A8AD2FE00EBA8EA /* PBXTargetDependency */,
			);
			name = ScrumdingerTests;
			productName = ScrumdingerTests;
			productReference = 26B267212A8AD2FE00EBA8EA /* ScrumdingerTests.xctest */;
			productType = "com.apple.product-type.bundle.unit-test";
		};
		26B2672A2A8AD2FE00EBA8EA /* ScrumdingerUITests */ = {
			isa = PBXNativeTarget;
			buildConfigurationList = 26B2673B2A8AD2FE00EBA8EA /* Build configuration list for PBXNativeTarget "ScrumdingerUITests" */;
			buildPhases = (
				26B267272A8AD2FE00EBA8EA /* Sources */,
				26B267282A8AD2FE00EBA8EA /* Frameworks */,
				26B267292A8AD2FE00EBA8EA /* Resources */,
			);
			buildRules = (
			);
			dependencies = (
				26B2672D2A8AD2FE00EBA8EA /* PBXTargetDependency */,
			);
			name = ScrumdingerUITests;
			productName = ScrumdingerUITests;
			productReference = 26B2672B2A8AD2FE00EBA8EA /* ScrumdingerUITests.xctest */;
			productType = "com.apple.product-type.bundle.ui-testing";
		};
/* End PBXNativeTarget section */

/* Begin PBXProject section */
		26B267092A8AD2FB00EBA8EA /* Project object */ = {
			isa = PBXProject;
			attributes = {
				BuildIndependentTargetsInParallel = 1;
				LastSwiftUpdateCheck = 1500;
				LastUpgradeCheck = 1500;
				TargetAttributes = {
					26B267102A8AD2FB00EBA8EA = {
						CreatedOnToolsVersion = 15.0;
					};
					26B267202A8AD2FE00EBA8EA = {
						CreatedOnToolsVersion = 15.0;
						TestTargetID = 26B267102A8AD2FB00EBA8EA;
					};
					26B2672A2A8AD2FE00EBA8EA = {
						CreatedOnToolsVersion = 15.0;
						TestTargetID = 26B267102A8AD2FB00EBA8EA;
					};
				};
			};
			buildConfigurationList = 26B2670C2A8AD2FB00EBA8EA /* Build configuration list for PBXProject "Scrumdinger" */;
			compatibilityVersion = "Xcode 14.0";
			developmentRegion = en;
			hasScannedForEncodings = 0;
			knownRegions = (
				en,
				Base,
			);
			mainGroup = 26B267082A8AD2FB00EBA8EA;
			productRefGroup = 26B267122A8AD2FB00EBA8EA /* Products */;
			projectDirPath = "";
			projectRoot = "";
			targets = (
				26B267102A8AD2FB00EBA8EA /* Scrumdinger */,
				26B267202A8AD2FE00EBA8EA /* ScrumdingerTests */,
				26B2672A2A8AD2FE00EBA8EA /* ScrumdingerUITests */,
			);
		};
/* End PBXProject section */

/* Begin PBXResourcesBuildPhase section */
		26B2670F2A8AD2FB00EBA8EA /* Resources */ = {
			isa = PBXResourcesBuildPhase;
			buildActionMask = 2147483647;
			files = (
				260F9BB72AAA22EF0050AED0 /* ding.wav in Resources */,
				26B2671C2A8AD2FE00EBA8EA /* Preview Assets.xcassets in Resources */,
				26B267192A8AD2FE00EBA8EA /* Assets.xcassets in Resources */,
			);
			runOnlyForDeploymentPostprocessing = 0;
		};
		26B2671F2A8AD2FE00EBA8EA /* Resources */ = {
			isa = PBXResourcesBuildPhase;
			buildActionMask = 2147483647;
			files = (
			);
			runOnlyForDeploymentPostprocessing = 0;
		};
		26B267292A8AD2FE00EBA8EA /* Resources */ = {
			isa = PBXResourcesBuildPhase;
			buildActionMask = 2147483647;
			files = (
			);
			runOnlyForDeploymentPostprocessing = 0;
		};
/* End PBXResourcesBuildPhase section */

/* Begin PBXSourcesBuildPhase section */
		26B2670D2A8AD2FB00EBA8EA /* Sources */ = {
			isa = PBXSourcesBuildPhase;
			buildActionMask = 2147483647;
			files = (
				267FC0B02AAA327200C00C5E /* History.swift in Sources */,
				2657E1B82AA6673D00B2C8B7 /* ThemePicker.swift in Sources */,
				26055DCD2AA8BBE300AA9578 /* ScrumProgressViewStyle.swift in Sources */,
				26055DD12AAA052000AA9578 /* MeetingFooterView.swift in Sources */,
				267FC0B62AAA83CA00C00C5E /* ErrorView.swift in Sources */,
				267FC0BA2AAB963700C00C5E /* SpeakerArc.swift in Sources */,
				26055DCF2AA8C5CF00AA9578 /* ScrumTimer.swift in Sources */,
				267FC0BE2AABB2C400C00C5E /* HistoryView.swift in Sources */,
				267FC0B82AAB5F9E00C00C5E /* MeetingTimerView.swift in Sources */,
				263C4BC72AA619B7002D898D /* DailyScrum.swift in Sources */,
				267FC0B22AAA3A7400C00C5E /* ScrumStore.swift in Sources */,
				2642282F2AA64A4700EE328D /* DetailView.swift in Sources */,
				267FC0B42AAA818100C00C5E /* ErrorWrapper.swift in Sources */,
				26055DCB2AA8A9AD00AA9578 /* MeetingHeaderView.swift in Sources */,
				264228312AA653D800EE328D /* DetailEditView.swift in Sources */,
				2642282B2AA62A0700EE328D /* TrailingIconLabelStyle.swift in Sources */,
				263C4BC52AA6169D002D898D /* Theme.swift in Sources */,
				2642282D2AA6420300EE328D /* ScrumsView.swift in Sources */,
				267FC0BC2AABACBB00C00C5E /* SpeechRecognizer.swift in Sources */,
				26B267172A8AD2FB00EBA8EA /* MeetingView.swift in Sources */,
				26B267152A8AD2FB00EBA8EA /* ScrumdingerApp.swift in Sources */,
				260F9BB92AAA2C300050AED0 /* NewScrumSheet.swift in Sources */,
				2657E1B62AA6667A00B2C8B7 /* ThemeView.swift in Sources */,
				263C4BC92AA61C13002D898D /* CardView.swift in Sources */,
				26055DD32AAA203600AA9578 /* AVPlayer+Ding.swift in Sources */,
			);
			runOnlyForDeploymentPostprocessing = 0;
		};
		26B2671D2A8AD2FE00EBA8EA /* Sources */ = {
			isa = PBXSourcesBuildPhase;
			buildActionMask = 2147483647;
			files = (
				26B267262A8AD2FE00EBA8EA /* ScrumdingerTests.swift in Sources */,
			);
			runOnlyForDeploymentPostprocessing = 0;
		};
		26B267272A8AD2FE00EBA8EA /* Sources */ = {
			isa = PBXSourcesBuildPhase;
			buildActionMask = 2147483647;
			files = (
				26B267322A8AD2FE00EBA8EA /* ScrumdingerUITestsLaunchTests.swift in Sources */,
				26B267302A8AD2FE00EBA8EA /* ScrumdingerUITests.swift in Sources */,
			);
			runOnlyForDeploymentPostprocessing = 0;
		};
/* End PBXSourcesBuildPhase section */

/* Begin PBXTargetDependency section */
		26B267232A8AD2FE00EBA8EA /* PBXTargetDependency */ = {
			isa = PBXTargetDependency;
			target = 26B267102A8AD2FB00EBA8EA /* Scrumdinger */;
			targetProxy = 26B267222A8AD2FE00EBA8EA /* PBXContainerItemProxy */;
		};
		26B2672D2A8AD2FE00EBA8EA /* PBXTargetDependency */ = {
			isa = PBXTargetDependency;
			target = 26B267102A8AD2FB00EBA8EA /* Scrumdinger */;
			targetProxy = 26B2672C2A8AD2FE00EBA8EA /* PBXContainerItemProxy */;
		};
/* End PBXTargetDependency section */

/* Begin XCBuildConfiguration section */
		26B267332A8AD2FE00EBA8EA /* Debug */ = {
			isa = XCBuildConfiguration;
			buildSettings = {
				ALWAYS_SEARCH_USER_PATHS = NO;
				ASSETCATALOG_COMPILER_GENERATE_SWIFT_ASSET_SYMBOL_EXTENSIONS = YES;
				CLANG_ANALYZER_NONNULL = YES;
				CLANG_ANALYZER_NUMBER_OBJECT_CONVERSION = YES_AGGRESSIVE;
				CLANG_CXX_LANGUAGE_STANDARD = "gnu++20";
				CLANG_ENABLE_MODULES = YES;
				CLANG_ENABLE_OBJC_ARC = YES;
				CLANG_ENABLE_OBJC_WEAK = YES;
				CLANG_WARN_BLOCK_CAPTURE_AUTORELEASING = YES;
				CLANG_WARN_BOOL_CONVERSION = YES;
				CLANG_WARN_COMMA = YES;
				CLANG_WARN_CONSTANT_CONVERSION = YES;
				CLANG_WARN_DEPRECATED_OBJC_IMPLEMENTATIONS = YES;
				CLANG_WARN_DIRECT_OBJC_ISA_USAGE = YES_ERROR;
				CLANG_WARN_DOCUMENTATION_COMMENTS = YES;
				CLANG_WARN_EMPTY_BODY = YES;
				CLANG_WARN_ENUM_CONVERSION = YES;
				CLANG_WARN_INFINITE_RECURSION = YES;
				CLANG_WARN_INT_CONVERSION = YES;
				CLANG_WARN_NON_LITERAL_NULL_CONVERSION = YES;
				CLANG_WARN_OBJC_IMPLICIT_RETAIN_SELF = YES;
				CLANG_WARN_OBJC_LITERAL_CONVERSION = YES;
				CLANG_WARN_OBJC_ROOT_CLASS = YES_ERROR;
				CLANG_WARN_QUOTED_INCLUDE_IN_FRAMEWORK_HEADER = YES;
				CLANG_WARN_RANGE_LOOP_ANALYSIS = YES;
				CLANG_WARN_STRICT_PROTOTYPES = YES;
				CLANG_WARN_SUSPICIOUS_MOVE = YES;
				CLANG_WARN_UNGUARDED_AVAILABILITY = YES_AGGRESSIVE;
				CLANG_WARN_UNREACHABLE_CODE = YES;
				CLANG_WARN__DUPLICATE_METHOD_MATCH = YES;
				COPY_PHASE_STRIP = NO;
				DEBUG_INFORMATION_FORMAT = dwarf;
				ENABLE_STRICT_OBJC_MSGSEND = YES;
				ENABLE_TESTABILITY = YES;
				ENABLE_USER_SCRIPT_SANDBOXING = YES;
				GCC_C_LANGUAGE_STANDARD = gnu17;
				GCC_DYNAMIC_NO_PIC = NO;
				GCC_NO_COMMON_BLOCKS = YES;
				GCC_OPTIMIZATION_LEVEL = 0;
				GCC_PREPROCESSOR_DEFINITIONS = (
					"DEBUG=1",
					"$(inherited)",
				);
				GCC_WARN_64_TO_32_BIT_CONVERSION = YES;
				GCC_WARN_ABOUT_RETURN_TYPE = YES_ERROR;
				GCC_WARN_UNDECLARED_SELECTOR = YES;
				GCC_WARN_UNINITIALIZED_AUTOS = YES_AGGRESSIVE;
				GCC_WARN_UNUSED_FUNCTION = YES;
				GCC_WARN_UNUSED_VARIABLE = YES;
				IPHONEOS_DEPLOYMENT_TARGET = 17.0;
				LOCALIZATION_PREFERS_STRING_CATALOGS = YES;
				MTL_ENABLE_DEBUG_INFO = INCLUDE_SOURCE;
				MTL_FAST_MATH = YES;
				ONLY_ACTIVE_ARCH = YES;
				SDKROOT = iphoneos;
				SWIFT_ACTIVE_COMPILATION_CONDITIONS = "DEBUG $(inherited)";
				SWIFT_OPTIMIZATION_LEVEL = "-Onone";
			};
			name = Debug;
		};
		26B267342A8AD2FE00EBA8EA /* Release */ = {
			isa = XCBuildConfiguration;
			buildSettings = {
				ALWAYS_SEARCH_USER_PATHS = NO;
				ASSETCATALOG_COMPILER_GENERATE_SWIFT_ASSET_SYMBOL_EXTENSIONS = YES;
				CLANG_ANALYZER_NONNULL = YES;
				CLANG_ANALYZER_NUMBER_OBJECT_CONVERSION = YES_AGGRESSIVE;
				CLANG_CXX_LANGUAGE_STANDARD = "gnu++20";
				CLANG_ENABLE_MODULES = YES;
				CLANG_ENABLE_OBJC_ARC = YES;
				CLANG_ENABLE_OBJC_WEAK = YES;
				CLANG_WARN_BLOCK_CAPTURE_AUTORELEASING = YES;
				CLANG_WARN_BOOL_CONVERSION = YES;
				CLANG_WARN_COMMA = YES;
				CLANG_WARN_CONSTANT_CONVERSION = YES;
				CLANG_WARN_DEPRECATED_OBJC_IMPLEMENTATIONS = YES;
				CLANG_WARN_DIRECT_OBJC_ISA_USAGE = YES_ERROR;
				CLANG_WARN_DOCUMENTATION_COMMENTS = YES;
				CLANG_WARN_EMPTY_BODY = YES;
				CLANG_WARN_ENUM_CONVERSION = YES;
				CLANG_WARN_INFINITE_RECURSION = YES;
				CLANG_WARN_INT_CONVERSION = YES;
				CLANG_WARN_NON_LITERAL_NULL_CONVERSION = YES;
				CLANG_WARN_OBJC_IMPLICIT_RETAIN_SELF = YES;
				CLANG_WARN_OBJC_LITERAL_CONVERSION = YES;
				CLANG_WARN_OBJC_ROOT_CLASS = YES_ERROR;
				CLANG_WARN_QUOTED_INCLUDE_IN_FRAMEWORK_HEADER = YES;
				CLANG_WARN_RANGE_LOOP_ANALYSIS = YES;
				CLANG_WARN_STRICT_PROTOTYPES = YES;
				CLANG_WARN_SUSPICIOUS_MOVE = YES;
				CLANG_WARN_UNGUARDED_AVAILABILITY = YES_AGGRESSIVE;
				CLANG_WARN_UNREACHABLE_CODE = YES;
				CLANG_WARN__DUPLICATE_METHOD_MATCH = YES;
				COPY_PHASE_STRIP = NO;
				DEBUG_INFORMATION_FORMAT = "dwarf-with-dsym";
				ENABLE_NS_ASSERTIONS = NO;
				ENABLE_STRICT_OBJC_MSGSEND = YES;
				ENABLE_USER_SCRIPT_SANDBOXING = YES;
				GCC_C_LANGUAGE_STANDARD = gnu17;
				GCC_NO_COMMON_BLOCKS = YES;
				GCC_WARN_64_TO_32_BIT_CONVERSION = YES;
				GCC_WARN_ABOUT_RETURN_TYPE = YES_ERROR;
				GCC_WARN_UNDECLARED_SELECTOR = YES;
				GCC_WARN_UNINITIALIZED_AUTOS = YES_AGGRESSIVE;
				GCC_WARN_UNUSED_FUNCTION = YES;
				GCC_WARN_UNUSED_VARIABLE = YES;
				IPHONEOS_DEPLOYMENT_TARGET = 17.0;
				LOCALIZATION_PREFERS_STRING_CATALOGS = YES;
				MTL_ENABLE_DEBUG_INFO = NO;
				MTL_FAST_MATH = YES;
				SDKROOT = iphoneos;
				SWIFT_COMPILATION_MODE = wholemodule;
				VALIDATE_PRODUCT = YES;
			};
			name = Release;
		};
		26B267362A8AD2FE00EBA8EA /* Debug */ = {
			isa = XCBuildConfiguration;
			buildSettings = {
				ASSETCATALOG_COMPILER_APPICON_NAME = AppIcon;
				ASSETCATALOG_COMPILER_GLOBAL_ACCENT_COLOR_NAME = AccentColor;
				CODE_SIGN_STYLE = Automatic;
				CURRENT_PROJECT_VERSION = 1;
				DEVELOPMENT_ASSET_PATHS = "\"Scrumdinger/Preview Content\"";
				DEVELOPMENT_TEAM = P92GSKWU9W;
				ENABLE_PREVIEWS = YES;
				GENERATE_INFOPLIST_FILE = YES;
				INFOPLIST_KEY_NSMicrophoneUsageDescription = "Audio is recorded to transcribe the meeting. Audio recordings are discarded after transcription.";
				INFOPLIST_KEY_NSSpeechRecognitionUsageDescription = "You can view a text transcription of your meeting in the app.";
				INFOPLIST_KEY_UIApplicationSceneManifest_Generation = YES;
				INFOPLIST_KEY_UIApplicationSupportsIndirectInputEvents = YES;
				INFOPLIST_KEY_UILaunchScreen_Generation = YES;
				INFOPLIST_KEY_UISupportedInterfaceOrientations_iPad = "UIInterfaceOrientationPortrait UIInterfaceOrientationPortraitUpsideDown UIInterfaceOrientationLandscapeLeft UIInterfaceOrientationLandscapeRight";
				INFOPLIST_KEY_UISupportedInterfaceOrientations_iPhone = "UIInterfaceOrientationPortrait UIInterfaceOrientationLandscapeLeft UIInterfaceOrientationLandscapeRight";
				LD_RUNPATH_SEARCH_PATHS = (
					"$(inherited)",
					"@executable_path/Frameworks",
				);
				MARKETING_VERSION = 1.0;
				PRODUCT_BUNDLE_IDENTIFIER = Sarah.Scrumdinger;
				PRODUCT_NAME = "$(TARGET_NAME)";
				SWIFT_EMIT_LOC_STRINGS = YES;
				SWIFT_VERSION = 5.0;
				TARGETED_DEVICE_FAMILY = "1,2";
			};
			name = Debug;
		};
		26B267372A8AD2FE00EBA8EA /* Release */ = {
			isa = XCBuildConfiguration;
			buildSettings = {
				ASSETCATALOG_COMPILER_APPICON_NAME = AppIcon;
				ASSETCATALOG_COMPILER_GLOBAL_ACCENT_COLOR_NAME = AccentColor;
				CODE_SIGN_STYLE = Automatic;
				CURRENT_PROJECT_VERSION = 1;
				DEVELOPMENT_ASSET_PATHS = "\"Scrumdinger/Preview Content\"";
				DEVELOPMENT_TEAM = P92GSKWU9W;
				ENABLE_PREVIEWS = YES;
				GENERATE_INFOPLIST_FILE = YES;
				INFOPLIST_KEY_NSMicrophoneUsageDescription = "Audio is recorded to transcribe the meeting. Audio recordings are discarded after transcription.";
				INFOPLIST_KEY_NSSpeechRecognitionUsageDescription = "You can view a text transcription of your meeting in the app.";
				INFOPLIST_KEY_UIApplicationSceneManifest_Generation = YES;
				INFOPLIST_KEY_UIApplicationSupportsIndirectInputEvents = YES;
				INFOPLIST_KEY_UILaunchScreen_Generation = YES;
				INFOPLIST_KEY_UISupportedInterfaceOrientations_iPad = "UIInterfaceOrientationPortrait UIInterfaceOrientationPortraitUpsideDown UIInterfaceOrientationLandscapeLeft UIInterfaceOrientationLandscapeRight";
				INFOPLIST_KEY_UISupportedInterfaceOrientations_iPhone = "UIInterfaceOrientationPortrait UIInterfaceOrientationLandscapeLeft UIInterfaceOrientationLandscapeRight";
				LD_RUNPATH_SEARCH_PATHS = (
					"$(inherited)",
					"@executable_path/Frameworks",
				);
				MARKETING_VERSION = 1.0;
				PRODUCT_BUNDLE_IDENTIFIER = Sarah.Scrumdinger;
				PRODUCT_NAME = "$(TARGET_NAME)";
				SWIFT_EMIT_LOC_STRINGS = YES;
				SWIFT_VERSION = 5.0;
				TARGETED_DEVICE_FAMILY = "1,2";
			};
			name = Release;
		};
		26B267392A8AD2FE00EBA8EA /* Debug */ = {
			isa = XCBuildConfiguration;
			buildSettings = {
				ALWAYS_EMBED_SWIFT_STANDARD_LIBRARIES = YES;
				BUNDLE_LOADER = "$(TEST_HOST)";
				CODE_SIGN_STYLE = Automatic;
				CURRENT_PROJECT_VERSION = 1;
				DEVELOPMENT_TEAM = P92GSKWU9W;
				GENERATE_INFOPLIST_FILE = YES;
				IPHONEOS_DEPLOYMENT_TARGET = 17.0;
				MARKETING_VERSION = 1.0;
				PRODUCT_BUNDLE_IDENTIFIER = Sarah.ScrumdingerTests;
				PRODUCT_NAME = "$(TARGET_NAME)";
				SWIFT_EMIT_LOC_STRINGS = NO;
				SWIFT_VERSION = 5.0;
				TARGETED_DEVICE_FAMILY = "1,2";
				TEST_HOST = "$(BUILT_PRODUCTS_DIR)/Scrumdinger.app/$(BUNDLE_EXECUTABLE_FOLDER_PATH)/Scrumdinger";
			};
			name = Debug;
		};
		26B2673A2A8AD2FE00EBA8EA /* Release */ = {
			isa = XCBuildConfiguration;
			buildSettings = {
				ALWAYS_EMBED_SWIFT_STANDARD_LIBRARIES = YES;
				BUNDLE_LOADER = "$(TEST_HOST)";
				CODE_SIGN_STYLE = Automatic;
				CURRENT_PROJECT_VERSION = 1;
				DEVELOPMENT_TEAM = P92GSKWU9W;
				GENERATE_INFOPLIST_FILE = YES;
				IPHONEOS_DEPLOYMENT_TARGET = 17.0;
				MARKETING_VERSION = 1.0;
				PRODUCT_BUNDLE_IDENTIFIER = Sarah.ScrumdingerTests;
				PRODUCT_NAME = "$(TARGET_NAME)";
				SWIFT_EMIT_LOC_STRINGS = NO;
				SWIFT_VERSION = 5.0;
				TARGETED_DEVICE_FAMILY = "1,2";
				TEST_HOST = "$(BUILT_PRODUCTS_DIR)/Scrumdinger.app/$(BUNDLE_EXECUTABLE_FOLDER_PATH)/Scrumdinger";
			};
			name = Release;
		};
		26B2673C2A8AD2FE00EBA8EA /* Debug */ = {
			isa = XCBuildConfiguration;
			buildSettings = {
				ALWAYS_EMBED_SWIFT_STANDARD_LIBRARIES = YES;
				CODE_SIGN_STYLE = Automatic;
				CURRENT_PROJECT_VERSION = 1;
				DEVELOPMENT_TEAM = P92GSKWU9W;
				GENERATE_INFOPLIST_FILE = YES;
				MARKETING_VERSION = 1.0;
				PRODUCT_BUNDLE_IDENTIFIER = Sarah.ScrumdingerUITests;
				PRODUCT_NAME = "$(TARGET_NAME)";
				SWIFT_EMIT_LOC_STRINGS = NO;
				SWIFT_VERSION = 5.0;
				TARGETED_DEVICE_FAMILY = "1,2";
				TEST_TARGET_NAME = Scrumdinger;
			};
			name = Debug;
		};
		26B2673D2A8AD2FE00EBA8EA /* Release */ = {
			isa = XCBuildConfiguration;
			buildSettings = {
				ALWAYS_EMBED_SWIFT_STANDARD_LIBRARIES = YES;
				CODE_SIGN_STYLE = Automatic;
				CURRENT_PROJECT_VERSION = 1;
				DEVELOPMENT_TEAM = P92GSKWU9W;
				GENERATE_INFOPLIST_FILE = YES;
				MARKETING_VERSION = 1.0;
				PRODUCT_BUNDLE_IDENTIFIER = Sarah.ScrumdingerUITests;
				PRODUCT_NAME = "$(TARGET_NAME)";
				SWIFT_EMIT_LOC_STRINGS = NO;
				SWIFT_VERSION = 5.0;
				TARGETED_DEVICE_FAMILY = "1,2";
				TEST_TARGET_NAME = Scrumdinger;
			};
			name = Release;
		};
/* End XCBuildConfiguration section */

/* Begin XCConfigurationList section */
		26B2670C2A8AD2FB00EBA8EA /* Build configuration list for PBXProject "Scrumdinger" */ = {
			isa = XCConfigurationList;
			buildConfigurations = (
				26B267332A8AD2FE00EBA8EA /* Debug */,
				26B267342A8AD2FE00EBA8EA /* Release */,
			);
			defaultConfigurationIsVisible = 0;
			defaultConfigurationName = Release;
		};
		26B267352A8AD2FE00EBA8EA /* Build configuration list for PBXNativeTarget "Scrumdinger" */ = {
			isa = XCConfigurationList;
			buildConfigurations = (
				26B267362A8AD2FE00EBA8EA /* Debug */,
				26B267372A8AD2FE00EBA8EA /* Release */,
			);
			defaultConfigurationIsVisible = 0;
			defaultConfigurationName = Release;
		};
		26B267382A8AD2FE00EBA8EA /* Build configuration list for PBXNativeTarget "ScrumdingerTests" */ = {
			isa = XCConfigurationList;
			buildConfigurations = (
				26B267392A8AD2FE00EBA8EA /* Debug */,
				26B2673A2A8AD2FE00EBA8EA /* Release */,
			);
			defaultConfigurationIsVisible = 0;
			defaultConfigurationName = Release;
		};
		26B2673B2A8AD2FE00EBA8EA /* Build configuration list for PBXNativeTarget "ScrumdingerUITests" */ = {
			isa = XCConfigurationList;
			buildConfigurations = (
				26B2673C2A8AD2FE00EBA8EA /* Debug */,
				26B2673D2A8AD2FE00EBA8EA /* Release */,
			);
			defaultConfigurationIsVisible = 0;
			defaultConfigurationName = Release;
		};
/* End XCConfigurationList section */
	};
	rootObject = 26B267092A8AD2FB00EBA8EA /* Project object */;
}
